// !$*UTF8*$!
{
	archiveVersion = 1;
	classes = {
	};
	objectVersion = 54;
	objects = {

/* Begin PBXBuildFile section */
		1B15F56C2545BB6B00B96B9A /* ImageScrollView in Frameworks */ = {isa = PBXBuildFile; productRef = 1B15F56B2545BB6B00B96B9A /* ImageScrollView */; };
		1B65CF6E255B3F3C005BA48A /* main.swift in Sources */ = {isa = PBXBuildFile; fileRef = 1B65CF6D255B3F3C005BA48A /* main.swift */; };
		1B65CF75255B3F57005BA48A /* EncryptionServices.swift in Sources */ = {isa = PBXBuildFile; fileRef = 1BF4F45325481AB5004FDE3C /* EncryptionServices.swift */; };
		1B8578CB254824E6006183DA /* BlurHashEncode.swift in Sources */ = {isa = PBXBuildFile; fileRef = 1BF4F31025474CBB004FDE3C /* BlurHashEncode.swift */; };
		1B9A43252549E72900CFDABC /* DocumentViewerCommon.swift in Sources */ = {isa = PBXBuildFile; fileRef = 1B9A43242549E72900CFDABC /* DocumentViewerCommon.swift */; };
		1BF4F31125474CBB004FDE3C /* BlurHashEncode.swift in Sources */ = {isa = PBXBuildFile; fileRef = 1BF4F31025474CBB004FDE3C /* BlurHashEncode.swift */; };
		1BF4F33F25475BED004FDE3C /* QuickLookThumbnailing.framework in Frameworks */ = {isa = PBXBuildFile; fileRef = 1BF4F32325475BBA004FDE3C /* QuickLookThumbnailing.framework */; };
		1BF4F34225475BED004FDE3C /* ThumbnailProvider.swift in Sources */ = {isa = PBXBuildFile; fileRef = 1BF4F34125475BED004FDE3C /* ThumbnailProvider.swift */; };
		1BF4F34625475BED004FDE3C /* iCryptrThumbnail.appex in Embed App Extensions */ = {isa = PBXBuildFile; fileRef = 1BF4F33E25475BED004FDE3C /* iCryptrThumbnail.appex */; settings = {ATTRIBUTES = (RemoveHeadersOnCopy, ); }; };
		1BF4F3E6254813DE004FDE3C /* ThumbnailProvider.swift in Sources */ = {isa = PBXBuildFile; fileRef = 1BF4F34125475BED004FDE3C /* ThumbnailProvider.swift */; };
		1BF4F45725481AB5004FDE3C /* EncryptionServices.swift in Sources */ = {isa = PBXBuildFile; fileRef = 1BF4F45325481AB5004FDE3C /* EncryptionServices.swift */; };
		1BF4F45825481AB5004FDE3C /* EncryptionServices.swift in Sources */ = {isa = PBXBuildFile; fileRef = 1BF4F45325481AB5004FDE3C /* EncryptionServices.swift */; };
		1BF4F45925481AB5004FDE3C /* ThumbnailServices.swift in Sources */ = {isa = PBXBuildFile; fileRef = 1BF4F45425481AB5004FDE3C /* ThumbnailServices.swift */; };
		1BF4F45A25481AB5004FDE3C /* ThumbnailServices.swift in Sources */ = {isa = PBXBuildFile; fileRef = 1BF4F45425481AB5004FDE3C /* ThumbnailServices.swift */; };
		1BF4F45B25481AB5004FDE3C /* BlurHashDecode.swift in Sources */ = {isa = PBXBuildFile; fileRef = 1BF4F45625481AB5004FDE3C /* BlurHashDecode.swift */; };
		1BF4F45C25481AB5004FDE3C /* BlurHashDecode.swift in Sources */ = {isa = PBXBuildFile; fileRef = 1BF4F45625481AB5004FDE3C /* BlurHashDecode.swift */; };
		C61486FB204D230C005B8E35 /* DecryptDocumentViewController.swift in Sources */ = {isa = PBXBuildFile; fileRef = C61486FA204D230C005B8E35 /* DecryptDocumentViewController.swift */; };
		C689ABBD20551A5C00C4AC66 /* SettingsViewController.swift in Sources */ = {isa = PBXBuildFile; fileRef = C689ABBC20551A5C00C4AC66 /* SettingsViewController.swift */; };
		C6B937F72027AB65006F6A8A /* AppDelegate.swift in Sources */ = {isa = PBXBuildFile; fileRef = C6B937F62027AB65006F6A8A /* AppDelegate.swift */; };
		C6B937F92027AB65006F6A8A /* DocumentBrowserViewController.swift in Sources */ = {isa = PBXBuildFile; fileRef = C6B937F82027AB65006F6A8A /* DocumentBrowserViewController.swift */; };
		C6B937FB2027AB65006F6A8A /* EncryptDocumentViewController.swift in Sources */ = {isa = PBXBuildFile; fileRef = C6B937FA2027AB65006F6A8A /* EncryptDocumentViewController.swift */; };
		C6B937FD2027AB65006F6A8A /* Document.swift in Sources */ = {isa = PBXBuildFile; fileRef = C6B937FC2027AB65006F6A8A /* Document.swift */; };
		C6B938002027AB65006F6A8A /* Main.storyboard in Resources */ = {isa = PBXBuildFile; fileRef = C6B937FE2027AB65006F6A8A /* Main.storyboard */; };
		C6B938022027AB65006F6A8A /* Assets.xcassets in Resources */ = {isa = PBXBuildFile; fileRef = C6B938012027AB65006F6A8A /* Assets.xcassets */; };
		C6B938052027AB65006F6A8A /* LaunchScreen.storyboard in Resources */ = {isa = PBXBuildFile; fileRef = C6B938032027AB65006F6A8A /* LaunchScreen.storyboard */; };
		C6F94D81205625970012E44D /* KeychainServices.swift in Sources */ = {isa = PBXBuildFile; fileRef = C6F94D80205625970012E44D /* KeychainServices.swift */; };
/* End PBXBuildFile section */

/* Begin PBXContainerItemProxy section */
		1BF4F34425475BED004FDE3C /* PBXContainerItemProxy */ = {
			isa = PBXContainerItemProxy;
			containerPortal = C6B937EB2027AB65006F6A8A /* Project object */;
			proxyType = 1;
			remoteGlobalIDString = 1BF4F33D25475BED004FDE3C;
			remoteInfo = iCryptrThumbnail;
		};
/* End PBXContainerItemProxy section */

/* Begin PBXCopyFilesBuildPhase section */
		1B65CF69255B3F3C005BA48A /* CopyFiles */ = {
			isa = PBXCopyFilesBuildPhase;
			buildActionMask = 2147483647;
			dstPath = /usr/share/man/man1/;
			dstSubfolderSpec = 0;
			files = (
			);
			runOnlyForDeploymentPostprocessing = 1;
		};
		1BF4F32F25475BBA004FDE3C /* Embed App Extensions */ = {
			isa = PBXCopyFilesBuildPhase;
			buildActionMask = 2147483647;
			dstPath = "";
			dstSubfolderSpec = 13;
			files = (
				1BF4F34625475BED004FDE3C /* iCryptrThumbnail.appex in Embed App Extensions */,
			);
			name = "Embed App Extensions";
			runOnlyForDeploymentPostprocessing = 0;
		};
/* End PBXCopyFilesBuildPhase section */

/* Begin PBXFileReference section */
		1B65CF6B255B3F3C005BA48A /* iCryptrCLI */ = {isa = PBXFileReference; explicitFileType = "compiled.mach-o.executable"; includeInIndex = 0; path = iCryptrCLI; sourceTree = BUILT_PRODUCTS_DIR; };
		1B65CF6D255B3F3C005BA48A /* main.swift */ = {isa = PBXFileReference; lastKnownFileType = sourcecode.swift; path = main.swift; sourceTree = "<group>"; };
		1B9A43242549E72900CFDABC /* DocumentViewerCommon.swift */ = {isa = PBXFileReference; lastKnownFileType = sourcecode.swift; name = DocumentViewerCommon.swift; path = ../../Common/DocumentViewerCommon.swift; sourceTree = "<group>"; };
		1BF4F31025474CBB004FDE3C /* BlurHashEncode.swift */ = {isa = PBXFileReference; fileEncoding = 4; lastKnownFileType = sourcecode.swift; name = BlurHashEncode.swift; path = ../iCryptr/Services/BlurHashEncode.swift; sourceTree = "<group>"; };
		1BF4F32325475BBA004FDE3C /* QuickLookThumbnailing.framework */ = {isa = PBXFileReference; lastKnownFileType = wrapper.framework; name = QuickLookThumbnailing.framework; path = System/Library/Frameworks/QuickLookThumbnailing.framework; sourceTree = SDKROOT; };
		1BF4F33E25475BED004FDE3C /* iCryptrThumbnail.appex */ = {isa = PBXFileReference; explicitFileType = "wrapper.app-extension"; includeInIndex = 0; path = iCryptrThumbnail.appex; sourceTree = BUILT_PRODUCTS_DIR; };
		1BF4F34125475BED004FDE3C /* ThumbnailProvider.swift */ = {isa = PBXFileReference; lastKnownFileType = sourcecode.swift; path = ThumbnailProvider.swift; sourceTree = "<group>"; };
		1BF4F34325475BED004FDE3C /* Info.plist */ = {isa = PBXFileReference; lastKnownFileType = text.plist.xml; path = Info.plist; sourceTree = "<group>"; };
		1BF4F45325481AB5004FDE3C /* EncryptionServices.swift */ = {isa = PBXFileReference; fileEncoding = 4; lastKnownFileType = sourcecode.swift; path = EncryptionServices.swift; sourceTree = "<group>"; };
		1BF4F45425481AB5004FDE3C /* ThumbnailServices.swift */ = {isa = PBXFileReference; fileEncoding = 4; lastKnownFileType = sourcecode.swift; path = ThumbnailServices.swift; sourceTree = "<group>"; };
		1BF4F45525481AB5004FDE3C /* iCryptr-Bridging-Header.h */ = {isa = PBXFileReference; fileEncoding = 4; lastKnownFileType = sourcecode.c.h; path = "iCryptr-Bridging-Header.h"; sourceTree = "<group>"; };
		1BF4F45625481AB5004FDE3C /* BlurHashDecode.swift */ = {isa = PBXFileReference; fileEncoding = 4; lastKnownFileType = sourcecode.swift; path = BlurHashDecode.swift; sourceTree = "<group>"; };
		C61486FA204D230C005B8E35 /* DecryptDocumentViewController.swift */ = {isa = PBXFileReference; fileEncoding = 4; lastKnownFileType = sourcecode.swift; path = DecryptDocumentViewController.swift; sourceTree = "<group>"; };
		C64BB2F9202D4F2E00F704F8 /* iCryptr.app */ = {isa = PBXFileReference; explicitFileType = wrapper.application; includeInIndex = 0; path = iCryptr.app; sourceTree = BUILT_PRODUCTS_DIR; };
		C689ABBC20551A5C00C4AC66 /* SettingsViewController.swift */ = {isa = PBXFileReference; lastKnownFileType = sourcecode.swift; path = SettingsViewController.swift; sourceTree = "<group>"; };
		C6B937F62027AB65006F6A8A /* AppDelegate.swift */ = {isa = PBXFileReference; lastKnownFileType = sourcecode.swift; path = AppDelegate.swift; sourceTree = "<group>"; };
		C6B937F82027AB65006F6A8A /* DocumentBrowserViewController.swift */ = {isa = PBXFileReference; lastKnownFileType = sourcecode.swift; path = DocumentBrowserViewController.swift; sourceTree = "<group>"; };
		C6B937FA2027AB65006F6A8A /* EncryptDocumentViewController.swift */ = {isa = PBXFileReference; lastKnownFileType = sourcecode.swift; path = EncryptDocumentViewController.swift; sourceTree = "<group>"; };
		C6B937FC2027AB65006F6A8A /* Document.swift */ = {isa = PBXFileReference; lastKnownFileType = sourcecode.swift; path = Document.swift; sourceTree = "<group>"; };
		C6B937FF2027AB65006F6A8A /* Base */ = {isa = PBXFileReference; lastKnownFileType = file.storyboard; name = Base; path = Base.lproj/Main.storyboard; sourceTree = "<group>"; };
		C6B938012027AB65006F6A8A /* Assets.xcassets */ = {isa = PBXFileReference; lastKnownFileType = folder.assetcatalog; path = Assets.xcassets; sourceTree = "<group>"; };
		C6B938042027AB65006F6A8A /* Base */ = {isa = PBXFileReference; lastKnownFileType = file.storyboard; name = Base; path = Base.lproj/LaunchScreen.storyboard; sourceTree = "<group>"; };
		C6B938062027AB65006F6A8A /* Info.plist */ = {isa = PBXFileReference; lastKnownFileType = text.plist.xml; path = Info.plist; sourceTree = "<group>"; };
		C6F94D80205625970012E44D /* KeychainServices.swift */ = {isa = PBXFileReference; lastKnownFileType = sourcecode.swift; path = KeychainServices.swift; sourceTree = "<group>"; };
/* End PBXFileReference section */

/* Begin PBXFrameworksBuildPhase section */
		1B65CF68255B3F3C005BA48A /* Frameworks */ = {
			isa = PBXFrameworksBuildPhase;
			buildActionMask = 2147483647;
			files = (
			);
			runOnlyForDeploymentPostprocessing = 0;
		};
		1BF4F33B25475BED004FDE3C /* Frameworks */ = {
			isa = PBXFrameworksBuildPhase;
			buildActionMask = 2147483647;
			files = (
				1BF4F33F25475BED004FDE3C /* QuickLookThumbnailing.framework in Frameworks */,
			);
			runOnlyForDeploymentPostprocessing = 0;
		};
		C6B937F02027AB65006F6A8A /* Frameworks */ = {
			isa = PBXFrameworksBuildPhase;
			buildActionMask = 2147483647;
			files = (
				1B15F56C2545BB6B00B96B9A /* ImageScrollView in Frameworks */,
			);
			runOnlyForDeploymentPostprocessing = 0;
		};
/* End PBXFrameworksBuildPhase section */

/* Begin PBXGroup section */
		1B65CF6C255B3F3C005BA48A /* iCryptrCLI */ = {
			isa = PBXGroup;
			children = (
				1B65CF6D255B3F3C005BA48A /* main.swift */,
			);
			path = iCryptrCLI;
			sourceTree = "<group>";
		};
		1BF4F32225475BBA004FDE3C /* Frameworks */ = {
			isa = PBXGroup;
			children = (
				1BF4F32325475BBA004FDE3C /* QuickLookThumbnailing.framework */,
			);
			name = Frameworks;
			sourceTree = "<group>";
		};
		1BF4F34025475BED004FDE3C /* iCryptrThumbnail */ = {
			isa = PBXGroup;
			children = (
				1BF4F34125475BED004FDE3C /* ThumbnailProvider.swift */,
				1BF4F34325475BED004FDE3C /* Info.plist */,
			);
			path = iCryptrThumbnail;
			sourceTree = "<group>";
		};
		1BF4F45225481AB5004FDE3C /* Common */ = {
			isa = PBXGroup;
			children = (
				1BF4F31025474CBB004FDE3C /* BlurHashEncode.swift */,
				1BF4F45325481AB5004FDE3C /* EncryptionServices.swift */,
				1BF4F45425481AB5004FDE3C /* ThumbnailServices.swift */,
				1BF4F45525481AB5004FDE3C /* iCryptr-Bridging-Header.h */,
				1BF4F45625481AB5004FDE3C /* BlurHashDecode.swift */,
			);
			path = Common;
			sourceTree = "<group>";
		};
		C61486FC204D2343005B8E35 /* Controller */ = {
			isa = PBXGroup;
			children = (
				C6B937F62027AB65006F6A8A /* AppDelegate.swift */,
				C6B937F82027AB65006F6A8A /* DocumentBrowserViewController.swift */,
				C61486FA204D230C005B8E35 /* DecryptDocumentViewController.swift */,
				C6B937FC2027AB65006F6A8A /* Document.swift */,
				C689ABBC20551A5C00C4AC66 /* SettingsViewController.swift */,
				C6B937FA2027AB65006F6A8A /* EncryptDocumentViewController.swift */,
			);
			path = Controller;
			sourceTree = "<group>";
		};
		C61486FD204D2365005B8E35 /* Resources */ = {
			isa = PBXGroup;
			children = (
				C6B937FE2027AB65006F6A8A /* Main.storyboard */,
				C6B938012027AB65006F6A8A /* Assets.xcassets */,
				C6B938032027AB65006F6A8A /* LaunchScreen.storyboard */,
				C6B938062027AB65006F6A8A /* Info.plist */,
			);
			path = Resources;
			sourceTree = "<group>";
		};
		C69EE8BD20312FD80020AC45 /* Services */ = {
			isa = PBXGroup;
			children = (
				1B9A43242549E72900CFDABC /* DocumentViewerCommon.swift */,
				C6F94D80205625970012E44D /* KeychainServices.swift */,
			);
			name = Services;
			path = /Users/reuben/Projects/iCryptr/iCryptr/Services;
			sourceTree = "<absolute>";
		};
		C6B937EA2027AB65006F6A8A = {
			isa = PBXGroup;
			children = (
				1BF4F45225481AB5004FDE3C /* Common */,
				C6B937F52027AB65006F6A8A /* iCryptr */,
				C64BB2F9202D4F2E00F704F8 /* iCryptr.app */,
				1BF4F34025475BED004FDE3C /* iCryptrThumbnail */,
				1B65CF6C255B3F3C005BA48A /* iCryptrCLI */,
				1BF4F32225475BBA004FDE3C /* Frameworks */,
				1BF4F33E25475BED004FDE3C /* iCryptrThumbnail.appex */,
				1B65CF6B255B3F3C005BA48A /* iCryptrCLI */,
			);
			sourceTree = "<group>";
		};
		C6B937F52027AB65006F6A8A /* iCryptr */ = {
			isa = PBXGroup;
			children = (
				C61486FC204D2343005B8E35 /* Controller */,
				C69EE8BD20312FD80020AC45 /* Services */,
				C61486FD204D2365005B8E35 /* Resources */,
			);
			path = iCryptr;
			sourceTree = "<group>";
		};
/* End PBXGroup section */

/* Begin PBXNativeTarget section */
		1B65CF6A255B3F3C005BA48A /* iCryptrCLI */ = {
			isa = PBXNativeTarget;
			buildConfigurationList = 1B65CF71255B3F3C005BA48A /* Build configuration list for PBXNativeTarget "iCryptrCLI" */;
			buildPhases = (
				1B65CF67255B3F3C005BA48A /* Sources */,
				1B65CF68255B3F3C005BA48A /* Frameworks */,
				1B65CF69255B3F3C005BA48A /* CopyFiles */,
				1B65CF7C255B41A8005BA48A /* ShellScript */,
			);
			buildRules = (
			);
			dependencies = (
			);
			name = iCryptrCLI;
			productName = iCryptrCLI;
			productReference = 1B65CF6B255B3F3C005BA48A /* iCryptrCLI */;
			productType = "com.apple.product-type.tool";
		};
		1BF4F33D25475BED004FDE3C /* iCryptrThumbnail */ = {
			isa = PBXNativeTarget;
			buildConfigurationList = 1BF4F34725475BED004FDE3C /* Build configuration list for PBXNativeTarget "iCryptrThumbnail" */;
			buildPhases = (
				1BF4F33A25475BED004FDE3C /* Sources */,
				1BF4F33B25475BED004FDE3C /* Frameworks */,
				1BF4F33C25475BED004FDE3C /* Resources */,
			);
			buildRules = (
			);
			dependencies = (
			);
			name = iCryptrThumbnail;
			productName = iCryptrThumbnail;
			productReference = 1BF4F33E25475BED004FDE3C /* iCryptrThumbnail.appex */;
			productType = "com.apple.product-type.app-extension";
		};
		C6B937F22027AB65006F6A8A /* iCryptr */ = {
			isa = PBXNativeTarget;
			buildConfigurationList = C6B9381F2027AB65006F6A8A /* Build configuration list for PBXNativeTarget "iCryptr" */;
			buildPhases = (
				C6B937EF2027AB65006F6A8A /* Sources */,
				C6B937F02027AB65006F6A8A /* Frameworks */,
				C6B937F12027AB65006F6A8A /* Resources */,
				1BF4F32F25475BBA004FDE3C /* Embed App Extensions */,
			);
			buildRules = (
			);
			dependencies = (
				1BF4F34525475BED004FDE3C /* PBXTargetDependency */,
			);
			name = iCryptr;
			packageProductDependencies = (
				1B15F56B2545BB6B00B96B9A /* ImageScrollView */,
			);
			productName = iCryptr;
			productReference = C64BB2F9202D4F2E00F704F8 /* iCryptr.app */;
			productType = "com.apple.product-type.application";
		};
/* End PBXNativeTarget section */

/* Begin PBXProject section */
		C6B937EB2027AB65006F6A8A /* Project object */ = {
			isa = PBXProject;
			attributes = {
				LastSwiftUpdateCheck = 1200;
				LastUpgradeCheck = 1200;
				ORGANIZATIONNAME = Reuben;
				TargetAttributes = {
					1B65CF6A255B3F3C005BA48A = {
						CreatedOnToolsVersion = 12.0;
					};
					1BF4F33D25475BED004FDE3C = {
						CreatedOnToolsVersion = 12.0;
					};
					C6B937F22027AB65006F6A8A = {
						CreatedOnToolsVersion = 9.2;
						LastSwiftMigration = 1200;
					};
				};
			};
			buildConfigurationList = C6B937EE2027AB65006F6A8A /* Build configuration list for PBXProject "iCryptr" */;
			compatibilityVersion = "Xcode 12.0";
			developmentRegion = en;
			hasScannedForEncodings = 0;
			knownRegions = (
				en,
				Base,
			);
			mainGroup = C6B937EA2027AB65006F6A8A;
			packageReferences = (
				1B15F56A2545BB6B00B96B9A /* XCRemoteSwiftPackageReference "ImageScrollView" */,
			);
			productRefGroup = C6B937EA2027AB65006F6A8A;
			projectDirPath = "";
			projectRoot = "";
			targets = (
				C6B937F22027AB65006F6A8A /* iCryptr */,
				1BF4F33D25475BED004FDE3C /* iCryptrThumbnail */,
				1B65CF6A255B3F3C005BA48A /* iCryptrCLI */,
			);
		};
/* End PBXProject section */

/* Begin PBXResourcesBuildPhase section */
		1BF4F33C25475BED004FDE3C /* Resources */ = {
			isa = PBXResourcesBuildPhase;
			buildActionMask = 2147483647;
			files = (
			);
			runOnlyForDeploymentPostprocessing = 0;
		};
		C6B937F12027AB65006F6A8A /* Resources */ = {
			isa = PBXResourcesBuildPhase;
			buildActionMask = 2147483647;
			files = (
				C6B938052027AB65006F6A8A /* LaunchScreen.storyboard in Resources */,
				C6B938022027AB65006F6A8A /* Assets.xcassets in Resources */,
				C6B938002027AB65006F6A8A /* Main.storyboard in Resources */,
			);
			runOnlyForDeploymentPostprocessing = 0;
		};
/* End PBXResourcesBuildPhase section */

/* Begin PBXShellScriptBuildPhase section */
		1B65CF7C255B41A8005BA48A /* ShellScript */ = {
			isa = PBXShellScriptBuildPhase;
			buildActionMask = 2147483647;
			files = (
			);
			inputFileListPaths = (
			);
			inputPaths = (
			);
			outputFileListPaths = (
			);
			outputPaths = (
			);
			runOnlyForDeploymentPostprocessing = 0;
			shellPath = /bin/zsh;
			shellScript = "# Type a script or drag a script file from your workspace to insert its path.\ncp ${BUILT_PRODUCTS_DIR}/iCryptrCLI ${PROJECT_DIR}/iCryptrCLI\n";
		};
/* End PBXShellScriptBuildPhase section */

/* Begin PBXSourcesBuildPhase section */
		1B65CF67255B3F3C005BA48A /* Sources */ = {
			isa = PBXSourcesBuildPhase;
			buildActionMask = 2147483647;
			files = (
				1B65CF75255B3F57005BA48A /* EncryptionServices.swift in Sources */,
				1B65CF6E255B3F3C005BA48A /* main.swift in Sources */,
			);
			runOnlyForDeploymentPostprocessing = 0;
		};
		1BF4F33A25475BED004FDE3C /* Sources */ = {
			isa = PBXSourcesBuildPhase;
			buildActionMask = 2147483647;
			files = (
				1BF4F45A25481AB5004FDE3C /* ThumbnailServices.swift in Sources */,
				1BF4F45825481AB5004FDE3C /* EncryptionServices.swift in Sources */,
				1BF4F45C25481AB5004FDE3C /* BlurHashDecode.swift in Sources */,
				1BF4F34225475BED004FDE3C /* ThumbnailProvider.swift in Sources */,
				1B8578CB254824E6006183DA /* BlurHashEncode.swift in Sources */,
			);
			runOnlyForDeploymentPostprocessing = 0;
		};
		C6B937EF2027AB65006F6A8A /* Sources */ = {
			isa = PBXSourcesBuildPhase;
			buildActionMask = 2147483647;
			files = (
				1B9A43252549E72900CFDABC /* DocumentViewerCommon.swift in Sources */,
				1BF4F31125474CBB004FDE3C /* BlurHashEncode.swift in Sources */,
				C6F94D81205625970012E44D /* KeychainServices.swift in Sources */,
				C6B937FD2027AB65006F6A8A /* Document.swift in Sources */,
				1BF4F45725481AB5004FDE3C /* EncryptionServices.swift in Sources */,
				C689ABBD20551A5C00C4AC66 /* SettingsViewController.swift in Sources */,
				C6B937FB2027AB65006F6A8A /* EncryptDocumentViewController.swift in Sources */,
				C61486FB204D230C005B8E35 /* DecryptDocumentViewController.swift in Sources */,
				1BF4F45925481AB5004FDE3C /* ThumbnailServices.swift in Sources */,
				C6B937F92027AB65006F6A8A /* DocumentBrowserViewController.swift in Sources */,
				1BF4F3E6254813DE004FDE3C /* ThumbnailProvider.swift in Sources */,
				1BF4F45B25481AB5004FDE3C /* BlurHashDecode.swift in Sources */,
				C6B937F72027AB65006F6A8A /* AppDelegate.swift in Sources */,
			);
			runOnlyForDeploymentPostprocessing = 0;
		};
/* End PBXSourcesBuildPhase section */

/* Begin PBXTargetDependency section */
		1BF4F34525475BED004FDE3C /* PBXTargetDependency */ = {
			isa = PBXTargetDependency;
			target = 1BF4F33D25475BED004FDE3C /* iCryptrThumbnail */;
			targetProxy = 1BF4F34425475BED004FDE3C /* PBXContainerItemProxy */;
		};
/* End PBXTargetDependency section */

/* Begin PBXVariantGroup section */
		C6B937FE2027AB65006F6A8A /* Main.storyboard */ = {
			isa = PBXVariantGroup;
			children = (
				C6B937FF2027AB65006F6A8A /* Base */,
			);
			name = Main.storyboard;
			sourceTree = "<group>";
		};
		C6B938032027AB65006F6A8A /* LaunchScreen.storyboard */ = {
			isa = PBXVariantGroup;
			children = (
				C6B938042027AB65006F6A8A /* Base */,
			);
			name = LaunchScreen.storyboard;
			sourceTree = "<group>";
		};
/* End PBXVariantGroup section */

/* Begin XCBuildConfiguration section */
		1B65CF6F255B3F3C005BA48A /* Debug */ = {
			isa = XCBuildConfiguration;
			buildSettings = {
				CLANG_ENABLE_OBJC_WEAK = YES;
				CODE_SIGN_STYLE = Automatic;
				DEVELOPMENT_TEAM = FRMMHNBMBZ;
				ENABLE_HARDENED_RUNTIME = YES;
				MACOSX_DEPLOYMENT_TARGET = 10.15;
				MTL_ENABLE_DEBUG_INFO = INCLUDE_SOURCE;
				MTL_FAST_MATH = YES;
				PRODUCT_NAME = "$(TARGET_NAME)";
				SDKROOT = macosx;
				SWIFT_OBJC_BRIDGING_HEADER = "Common/iCryptr-Bridging-Header.h";
				SWIFT_VERSION = 5.0;
			};
			name = Debug;
		};
		1B65CF70255B3F3C005BA48A /* Release */ = {
			isa = XCBuildConfiguration;
			buildSettings = {
				CLANG_ENABLE_OBJC_WEAK = YES;
				CODE_SIGN_STYLE = Automatic;
				DEVELOPMENT_TEAM = FRMMHNBMBZ;
				ENABLE_HARDENED_RUNTIME = YES;
				MACOSX_DEPLOYMENT_TARGET = 10.15;
				MTL_FAST_MATH = YES;
				PRODUCT_NAME = "$(TARGET_NAME)";
				SDKROOT = macosx;
				SWIFT_OBJC_BRIDGING_HEADER = "Common/iCryptr-Bridging-Header.h";
				SWIFT_VERSION = 5.0;
			};
			name = Release;
		};
		1BF4F34825475BED004FDE3C /* Debug */ = {
			isa = XCBuildConfiguration;
			buildSettings = {
				CLANG_ENABLE_OBJC_WEAK = YES;
				CODE_SIGN_IDENTITY = "Apple Development";
				CODE_SIGN_STYLE = Automatic;
				DEVELOPMENT_TEAM = FRMMHNBMBZ;
				INFOPLIST_FILE = iCryptrThumbnail/Info.plist;
				IPHONEOS_DEPLOYMENT_TARGET = 14.0;
				LD_RUNPATH_SEARCH_PATHS = (
					"$(inherited)",
					"@executable_path/Frameworks",
					"@executable_path/../../Frameworks",
				);
				MTL_ENABLE_DEBUG_INFO = INCLUDE_SOURCE;
				MTL_FAST_MATH = YES;
				PRODUCT_BUNDLE_IDENTIFIER = com.reuben.iCryptr.iCryptrThumbnail;
				PRODUCT_NAME = "$(TARGET_NAME)";
				PROVISIONING_PROFILE_SPECIFIER = "";
				SKIP_INSTALL = YES;
				SWIFT_OBJC_BRIDGING_HEADER = "Common/iCryptr-Bridging-Header.h";
				SWIFT_VERSION = 5.0;
				TARGETED_DEVICE_FAMILY = "1,2";
			};
			name = Debug;
		};
		1BF4F34925475BED004FDE3C /* Release */ = {
			isa = XCBuildConfiguration;
			buildSettings = {
				CLANG_ENABLE_OBJC_WEAK = YES;
				CODE_SIGN_IDENTITY = "Apple Development";
				CODE_SIGN_STYLE = Automatic;
				DEVELOPMENT_TEAM = FRMMHNBMBZ;
				INFOPLIST_FILE = iCryptrThumbnail/Info.plist;
				IPHONEOS_DEPLOYMENT_TARGET = 14.0;
				LD_RUNPATH_SEARCH_PATHS = (
					"$(inherited)",
					"@executable_path/Frameworks",
					"@executable_path/../../Frameworks",
				);
				MTL_FAST_MATH = YES;
				PRODUCT_BUNDLE_IDENTIFIER = com.reuben.iCryptr.iCryptrThumbnail;
				PRODUCT_NAME = "$(TARGET_NAME)";
				PROVISIONING_PROFILE_SPECIFIER = "";
				SKIP_INSTALL = YES;
				SWIFT_OBJC_BRIDGING_HEADER = "Common/iCryptr-Bridging-Header.h";
				SWIFT_VERSION = 5.0;
				TARGETED_DEVICE_FAMILY = "1,2";
			};
			name = Release;
		};
		C6B9381D2027AB65006F6A8A /* Debug */ = {
			isa = XCBuildConfiguration;
			buildSettings = {
				ALWAYS_SEARCH_USER_PATHS = NO;
				CLANG_ANALYZER_NONNULL = YES;
				CLANG_ANALYZER_NUMBER_OBJECT_CONVERSION = YES_AGGRESSIVE;
				CLANG_CXX_LANGUAGE_STANDARD = "gnu++14";
				CLANG_CXX_LIBRARY = "libc++";
				CLANG_ENABLE_MODULES = YES;
				CLANG_ENABLE_OBJC_ARC = YES;
				CLANG_WARN_BLOCK_CAPTURE_AUTORELEASING = YES;
				CLANG_WARN_BOOL_CONVERSION = YES;
				CLANG_WARN_COMMA = YES;
				CLANG_WARN_CONSTANT_CONVERSION = YES;
				CLANG_WARN_DEPRECATED_OBJC_IMPLEMENTATIONS = YES;
				CLANG_WARN_DIRECT_OBJC_ISA_USAGE = YES_ERROR;
				CLANG_WARN_DOCUMENTATION_COMMENTS = YES;
				CLANG_WARN_EMPTY_BODY = YES;
				CLANG_WARN_ENUM_CONVERSION = YES;
				CLANG_WARN_INFINITE_RECURSION = YES;
				CLANG_WARN_INT_CONVERSION = YES;
				CLANG_WARN_NON_LITERAL_NULL_CONVERSION = YES;
				CLANG_WARN_OBJC_IMPLICIT_RETAIN_SELF = YES;
				CLANG_WARN_OBJC_LITERAL_CONVERSION = YES;
				CLANG_WARN_OBJC_ROOT_CLASS = YES_ERROR;
				CLANG_WARN_QUOTED_INCLUDE_IN_FRAMEWORK_HEADER = YES;
				CLANG_WARN_RANGE_LOOP_ANALYSIS = YES;
				CLANG_WARN_STRICT_PROTOTYPES = YES;
				CLANG_WARN_SUSPICIOUS_MOVE = YES;
				CLANG_WARN_UNGUARDED_AVAILABILITY = YES_AGGRESSIVE;
				CLANG_WARN_UNREACHABLE_CODE = YES;
				CLANG_WARN__DUPLICATE_METHOD_MATCH = YES;
				CODE_SIGN_IDENTITY = "iPhone Developer";
				COPY_PHASE_STRIP = NO;
				DEBUG_INFORMATION_FORMAT = dwarf;
				ENABLE_STRICT_OBJC_MSGSEND = YES;
				ENABLE_TESTABILITY = YES;
				GCC_C_LANGUAGE_STANDARD = gnu11;
				GCC_DYNAMIC_NO_PIC = NO;
				GCC_NO_COMMON_BLOCKS = YES;
				GCC_OPTIMIZATION_LEVEL = 0;
				GCC_PREPROCESSOR_DEFINITIONS = (
					"DEBUG=1",
					"$(inherited)",
				);
				GCC_WARN_64_TO_32_BIT_CONVERSION = YES;
				GCC_WARN_ABOUT_RETURN_TYPE = YES_ERROR;
				GCC_WARN_UNDECLARED_SELECTOR = YES;
				GCC_WARN_UNINITIALIZED_AUTOS = YES_AGGRESSIVE;
				GCC_WARN_UNUSED_FUNCTION = YES;
				GCC_WARN_UNUSED_VARIABLE = YES;
				IPHONEOS_DEPLOYMENT_TARGET = 14.0;
				MTL_ENABLE_DEBUG_INFO = YES;
				ONLY_ACTIVE_ARCH = YES;
				SCAN_ALL_SOURCE_FILES_FOR_INCLUDES = NO;
				SDKROOT = iphoneos;
				SWIFT_ACTIVE_COMPILATION_CONDITIONS = DEBUG;
				SWIFT_INCLUDE_PATHS = "";
				SWIFT_OPTIMIZATION_LEVEL = "-Onone";
				SWIFT_PRECOMPILE_BRIDGING_HEADER = YES;
			};
			name = Debug;
		};
		C6B9381E2027AB65006F6A8A /* Release */ = {
			isa = XCBuildConfiguration;
			buildSettings = {
				ALWAYS_SEARCH_USER_PATHS = NO;
				CLANG_ANALYZER_NONNULL = YES;
				CLANG_ANALYZER_NUMBER_OBJECT_CONVERSION = YES_AGGRESSIVE;
				CLANG_CXX_LANGUAGE_STANDARD = "gnu++14";
				CLANG_CXX_LIBRARY = "libc++";
				CLANG_ENABLE_MODULES = YES;
				CLANG_ENABLE_OBJC_ARC = YES;
				CLANG_WARN_BLOCK_CAPTURE_AUTORELEASING = YES;
				CLANG_WARN_BOOL_CONVERSION = YES;
				CLANG_WARN_COMMA = YES;
				CLANG_WARN_CONSTANT_CONVERSION = YES;
				CLANG_WARN_DEPRECATED_OBJC_IMPLEMENTATIONS = YES;
				CLANG_WARN_DIRECT_OBJC_ISA_USAGE = YES_ERROR;
				CLANG_WARN_DOCUMENTATION_COMMENTS = YES;
				CLANG_WARN_EMPTY_BODY = YES;
				CLANG_WARN_ENUM_CONVERSION = YES;
				CLANG_WARN_INFINITE_RECURSION = YES;
				CLANG_WARN_INT_CONVERSION = YES;
				CLANG_WARN_NON_LITERAL_NULL_CONVERSION = YES;
				CLANG_WARN_OBJC_IMPLICIT_RETAIN_SELF = YES;
				CLANG_WARN_OBJC_LITERAL_CONVERSION = YES;
				CLANG_WARN_OBJC_ROOT_CLASS = YES_ERROR;
				CLANG_WARN_QUOTED_INCLUDE_IN_FRAMEWORK_HEADER = YES;
				CLANG_WARN_RANGE_LOOP_ANALYSIS = YES;
				CLANG_WARN_STRICT_PROTOTYPES = YES;
				CLANG_WARN_SUSPICIOUS_MOVE = YES;
				CLANG_WARN_UNGUARDED_AVAILABILITY = YES_AGGRESSIVE;
				CLANG_WARN_UNREACHABLE_CODE = YES;
				CLANG_WARN__DUPLICATE_METHOD_MATCH = YES;
				CODE_SIGN_IDENTITY = "iPhone Developer";
				COPY_PHASE_STRIP = NO;
				DEBUG_INFORMATION_FORMAT = "dwarf-with-dsym";
				ENABLE_NS_ASSERTIONS = NO;
				ENABLE_STRICT_OBJC_MSGSEND = YES;
				GCC_C_LANGUAGE_STANDARD = gnu11;
				GCC_NO_COMMON_BLOCKS = YES;
				GCC_WARN_64_TO_32_BIT_CONVERSION = YES;
				GCC_WARN_ABOUT_RETURN_TYPE = YES_ERROR;
				GCC_WARN_UNDECLARED_SELECTOR = YES;
				GCC_WARN_UNINITIALIZED_AUTOS = YES_AGGRESSIVE;
				GCC_WARN_UNUSED_FUNCTION = YES;
				GCC_WARN_UNUSED_VARIABLE = YES;
				IPHONEOS_DEPLOYMENT_TARGET = 14.0;
				MTL_ENABLE_DEBUG_INFO = NO;
				SCAN_ALL_SOURCE_FILES_FOR_INCLUDES = NO;
				SDKROOT = iphoneos;
				SWIFT_COMPILATION_MODE = wholemodule;
				SWIFT_INCLUDE_PATHS = "";
				SWIFT_OPTIMIZATION_LEVEL = "-O";
				SWIFT_PRECOMPILE_BRIDGING_HEADER = YES;
				VALIDATE_PRODUCT = YES;
			};
			name = Release;
		};
		C6B938202027AB65006F6A8A /* Debug */ = {
			isa = XCBuildConfiguration;
			buildSettings = {
				ALWAYS_EMBED_SWIFT_STANDARD_LIBRARIES = YES;
				ASSETCATALOG_COMPILER_APPICON_NAME = AppIcon;
				CLANG_ENABLE_MODULES = YES;
				CODE_SIGN_IDENTITY = "Apple Development";
				CODE_SIGN_STYLE = Automatic;
				DEVELOPMENT_TEAM = FRMMHNBMBZ;
				INFOPLIST_FILE = "$(SRCROOT)/iCryptr/Resources/Info.plist";
				LD_RUNPATH_SEARCH_PATHS = (
					"$(inherited)",
					"@executable_path/Frameworks",
				);
				PRODUCT_BUNDLE_IDENTIFIER = com.reuben.iCryptr;
				PRODUCT_NAME = "$(TARGET_NAME)";
				PROVISIONING_PROFILE_SPECIFIER = "";
				SCAN_ALL_SOURCE_FILES_FOR_INCLUDES = YES;
				SWIFT_OBJC_BRIDGING_HEADER = "Common/iCryptr-Bridging-Header.h";
				SWIFT_OPTIMIZATION_LEVEL = "-Onone";
				SWIFT_VERSION = 5.0;
				TARGETED_DEVICE_FAMILY = "1,2";
			};
			name = Debug;
		};
		C6B938212027AB65006F6A8A /* Release */ = {
			isa = XCBuildConfiguration;
			buildSettings = {
				ALWAYS_EMBED_SWIFT_STANDARD_LIBRARIES = YES;
				ASSETCATALOG_COMPILER_APPICON_NAME = AppIcon;
				CLANG_ENABLE_MODULES = YES;
				CODE_SIGN_IDENTITY = "Apple Development";
				CODE_SIGN_STYLE = Automatic;
				DEVELOPMENT_TEAM = FRMMHNBMBZ;
				INFOPLIST_FILE = "$(SRCROOT)/iCryptr/Resources/Info.plist";
				LD_RUNPATH_SEARCH_PATHS = (
					"$(inherited)",
					"@executable_path/Frameworks",
				);
				PRODUCT_BUNDLE_IDENTIFIER = com.reuben.iCryptr;
				PRODUCT_NAME = "$(TARGET_NAME)";
				PROVISIONING_PROFILE_SPECIFIER = "";
				SCAN_ALL_SOURCE_FILES_FOR_INCLUDES = YES;
				SWIFT_OBJC_BRIDGING_HEADER = "Common/iCryptr-Bridging-Header.h";
				SWIFT_VERSION = 5.0;
				TARGETED_DEVICE_FAMILY = "1,2";
			};
			name = Release;
		};
/* End XCBuildConfiguration section */

/* Begin XCConfigurationList section */
		1B65CF71255B3F3C005BA48A /* Build configuration list for PBXNativeTarget "iCryptrCLI" */ = {
			isa = XCConfigurationList;
			buildConfigurations = (
				1B65CF6F255B3F3C005BA48A /* Debug */,
				1B65CF70255B3F3C005BA48A /* Release */,
			);
			defaultConfigurationIsVisible = 0;
			defaultConfigurationName = Release;
		};
		1BF4F34725475BED004FDE3C /* Build configuration list for PBXNativeTarget "iCryptrThumbnail" */ = {
			isa = XCConfigurationList;
			buildConfigurations = (
				1BF4F34825475BED004FDE3C /* Debug */,
				1BF4F34925475BED004FDE3C /* Release */,
			);
			defaultConfigurationIsVisible = 0;
			defaultConfigurationName = Release;
		};
		C6B937EE2027AB65006F6A8A /* Build configuration list for PBXProject "iCryptr" */ = {
			isa = XCConfigurationList;
			buildConfigurations = (
				C6B9381D2027AB65006F6A8A /* Debug */,
				C6B9381E2027AB65006F6A8A /* Release */,
			);
			defaultConfigurationIsVisible = 0;
			defaultConfigurationName = Release;
		};
		C6B9381F2027AB65006F6A8A /* Build configuration list for PBXNativeTarget "iCryptr" */ = {
			isa = XCConfigurationList;
			buildConfigurations = (
				C6B938202027AB65006F6A8A /* Debug */,
				C6B938212027AB65006F6A8A /* Release */,
			);
			defaultConfigurationIsVisible = 0;
			defaultConfigurationName = Release;
		};
/* End XCConfigurationList section */

/* Begin XCRemoteSwiftPackageReference section */
		1B15F56A2545BB6B00B96B9A /* XCRemoteSwiftPackageReference "ImageScrollView" */ = {
			isa = XCRemoteSwiftPackageReference;
			repositoryURL = "https://github.com/huynguyencong/ImageScrollView.git";
			requirement = {
				kind = upToNextMajorVersion;
				minimumVersion = 1.9.1;
			};
		};
/* End XCRemoteSwiftPackageReference section */

/* Begin XCSwiftPackageProductDependency section */
		1B15F56B2545BB6B00B96B9A /* ImageScrollView */ = {
			isa = XCSwiftPackageProductDependency;
			package = 1B15F56A2545BB6B00B96B9A /* XCRemoteSwiftPackageReference "ImageScrollView" */;
			productName = ImageScrollView;
		};
/* End XCSwiftPackageProductDependency section */
	};
	rootObject = C6B937EB2027AB65006F6A8A /* Project object */;
}
